# This file is autogenerated, do not edit; changes may be undone by the next 'dep ensure'.


[[projects]]
  branch = "master"
  name = "github.com/GeertJohan/go.rice"
  packages = [
    ".",
    "embedded"
  ]
  revision = "c02ca9a983da5807ddf7d796784928f5be4afd09"

[[projects]]
  branch = "master"
  name = "github.com/Jeffail/gabs"
  packages = ["."]
  revision = "44cbc27138518b15305cb3eef220d04f2d641b9b"

[[projects]]
  name = "github.com/aws/aws-sdk-go"
  packages = [
    "aws",
    "aws/awserr",
    "aws/awsutil",
    "aws/client",
    "aws/client/metadata",
    "aws/corehandlers",
    "aws/credentials",
    "aws/credentials/ec2rolecreds",
    "aws/credentials/endpointcreds",
    "aws/credentials/stscreds",
    "aws/defaults",
    "aws/ec2metadata",
    "aws/endpoints",
    "aws/request",
    "aws/session",
    "aws/signer/v4",
    "internal/sdkio",
    "internal/sdkrand",
    "internal/shareddefaults",
    "private/protocol",
    "private/protocol/query",
    "private/protocol/query/queryutil",
    "private/protocol/rest",
    "private/protocol/restxml",
    "private/protocol/xml/xmlutil",
    "service/s3",
    "service/sts"
  ]
  revision = "f0872da8a448f8cb10f4f0c95c2100e4f7356448"
  version = "v1.13.16"

[[projects]]
  branch = "master"
  name = "github.com/blockassets/cgminer_client"
  packages = ["."]
  revision = "91c153f604231118185babd62859ebfd23d6798f"

[[projects]]
  branch = "master"
  name = "github.com/daaku/go.zipexe"
  packages = ["."]
  revision = "a5fe2436ffcb3236e175e5149162b41cd28bd27d"

[[projects]]
  name = "github.com/dgrijalva/jwt-go"
  packages = ["."]
  revision = "06ea1031745cb8b3dab3f6a236daf2b0aa468b7e"
  version = "v3.2.0"

[[projects]]
  name = "github.com/go-ini/ini"
  packages = ["."]
  revision = "6333e38ac20b8949a8dd68baa3650f4dee8f39f0"
  version = "v1.33.0"

[[projects]]
  name = "github.com/jmespath/go-jmespath"
  packages = ["."]
  revision = "0b12d6b5"

[[projects]]
  branch = "master"
  name = "github.com/jpillora/overseer"
  packages = [
    ".",
    "fetcher"
  ]
  revision = "7516f444813ce395f57562c049a0c2ac5e0283cb"

[[projects]]
  name = "github.com/json-iterator/go"
  packages = ["."]
  revision = "3353055b2a1a5ae1b6a8dfde887a524e7088f3a2"
  version = "1.1.2"

[[projects]]
  branch = "master"
  name = "github.com/kardianos/osext"
  packages = ["."]
  revision = "ae77be60afb1dcacde03767a8c37337fad28ac14"

[[projects]]
  name = "github.com/labstack/echo"
  packages = [
    ".",
    "middleware"
  ]
  revision = "a5d81b8d4a627f3f49dcb3164ef2bb5239682227"
  version = "3.3.4"

[[projects]]
  name = "github.com/labstack/gommon"
  packages = [
    "bytes",
    "color",
    "log",
    "random"
  ]
  revision = "6fe1405d73ec4bd4cd8a4ac8e2a2b2bf95d03954"
  version = "0.2.4"

[[projects]]
  name = "github.com/mattn/go-colorable"
  packages = ["."]
  revision = "167de6bfdfba052fa6b2d3664c8f5272e23c9072"
  version = "v0.0.9"

[[projects]]
  name = "github.com/mattn/go-isatty"
  packages = ["."]
  revision = "0360b2af4f38e8d38c7fce2a9f4e702702d73a39"
  version = "v0.0.3"

[[projects]]
  name = "github.com/modern-go/concurrent"
  packages = ["."]
  revision = "bacd9c7ef1dd9b15be4a9909b8ac7a4e313eec94"
  version = "1.0.3"

[[projects]]
  name = "github.com/modern-go/reflect2"
  packages = ["."]
  revision = "1df9eeb2bb81f327b96228865c5687bc2194af3f"
  version = "1.0.0"

[[projects]]
  branch = "master"
  name = "github.com/valyala/bytebufferpool"
  packages = ["."]
  revision = "e746df99fe4a3986f4d4f79e13c1e0117ce9c2f7"

[[projects]]
  branch = "master"
  name = "github.com/valyala/fasttemplate"
  packages = ["."]
  revision = "dcecefd839c4193db0d35b88ec65b4c12d360ab0"

[[projects]]
  name = "go.uber.org/atomic"
  packages = ["."]
  revision = "8474b86a5a6f79c443ce4b2992817ff32cf208b8"
  version = "v1.3.1"

[[projects]]
  name = "go.uber.org/dig"
  packages = [
    ".",
    "internal/digreflect"
  ]
  revision = "d100de9c8cc8358591507951141bc107713ba671"
  version = "v1.3.0"

[[projects]]
  name = "go.uber.org/fx"
  packages = [
    ".",
    "internal/fxlog",
    "internal/fxreflect",
    "internal/lifecycle"
  ]
  revision = "35bf66c87beb2c8ec1a68cf00b54542e2d169c0b"
  version = "v1.4.0"

[[projects]]
  name = "go.uber.org/multierr"
  packages = ["."]
  revision = "3c4937480c32f4c13a875a1829af76c98ca3d40a"
  version = "v1.1.0"

[[projects]]
  branch = "master"
  name = "golang.org/x/crypto"
  packages = [
    "acme",
    "acme/autocert"
  ]
  revision = "374053ea96cb300f8671b8d3b07edeeb06e203b4"

[[projects]]
  branch = "master"
  name = "golang.org/x/sys"
  packages = ["unix"]
  revision = "2f1e207ee39ff70f3433e49c6eb52677a515e3b5"

[solve-meta]
  analyzer-name = "dep"
  analyzer-version = 1
  inputs-digest = "f870c2ccf790cdb3e6b70e7fc94bf15d4b57ab9e024b46d86e16b40987b6148c"
  solver-name = "gps-cdcl"
  solver-version = 1
